
Microsoft Visual Studio Solution File, Format Version 12.00
# Visual Studio 15
VisualStudioVersion = 15.0.27004.2005
MinimumVisualStudioVersion = 10.0.40219.1
Project("{FAE04EC0-301F-11D3-BF4B-00C04F79EFBC}") = "tryNetCore", "tryNetCore\tryNetCore.csproj", "{C5C30670-F9F6-4172-8D30-49C3FE62C889}"
EndProject
Global
	GlobalSection(SolutionConfigurationPlatforms) = preSolution
		Debug|Any CPU = Debug|Any CPU
		Release|Any CPU = Release|Any CPU
	EndGlobalSection
	GlobalSection(ProjectConfigurationPlatforms) = postSolution
		{C5C30670-F9F6-4172-8D30-49C3FE62C889}.Debug|Any CPU.ActiveCfg = Debug|Any CPU
		{C5C30670-F9F6-4172-8D30-49C3FE62C889}.Debug|Any CPU.Build.0 = Debug|Any CPU
		{C5C30670-F9F6-4172-8D30-49C3FE62C889}.Release|Any CPU.ActiveCfg = Release|Any CPU
		{C5C30670-F9F6-4172-8D30-49C3FE62C889}.Release|Any CPU.Build.0 = Release|Any CPU
	EndGlobalSection
	GlobalSection(SolutionProperties) = preSolution
		HideSolutionNode = FALSE
	EndGlobalSection
	GlobalSection(ExtensibilityGlobals) = postSolution
		SolutionGuid = {BE54B576-4FDF-4F38-8BD9-3885097112FB}
	EndGlobalSection
EndGlobal
